
Microsoft Visual Studio Solution File, Format Version 12.00
# Visual Studio Version 16
VisualStudioVersion = 16.0.29905.134
MinimumVisualStudioVersion = 10.0.40219.1
Project("{FAE04EC0-301F-11D3-BF4B-00C04F79EFBC}") = "peregruzka", "peregruzka\peregruzka.csproj", "{419CB9D8-69E8-4CC1-B8F6-D2BDF87C9E94}"
EndProject
Global
	GlobalSection(SolutionConfigurationPlatforms) = preSolution
		Debug|Any CPU = Debug|Any CPU
		Release|Any CPU = Release|Any CPU
	EndGlobalSection
	GlobalSection(ProjectConfigurationPlatforms) = postSolution
		{419CB9D8-69E8-4CC1-B8F6-D2BDF87C9E94}.Debug|Any CPU.ActiveCfg = Debug|Any CPU
		{419CB9D8-69E8-4CC1-B8F6-D2BDF87C9E94}.Debug|Any CPU.Build.0 = Debug|Any CPU
		{419CB9D8-69E8-4CC1-B8F6-D2BDF87C9E94}.Release|Any CPU.ActiveCfg = Release|Any CPU
		{419CB9D8-69E8-4CC1-B8F6-D2BDF87C9E94}.Release|Any CPU.Build.0 = Release|Any CPU
	EndGlobalSection
	GlobalSection(SolutionProperties) = preSolution
		HideSolutionNode = FALSE
	EndGlobalSection
	GlobalSection(ExtensibilityGlobals) = postSolution
		SolutionGuid = {79BD795B-E6F2-46E1-A991-8FA7EBEB461D}
	EndGlobalSection
EndGlobal
